
Microsoft Visual Studio Solution File, Format Version 12.00
# Visual Studio Version 17
VisualStudioVersion = 17.7.34202.233
MinimumVisualStudioVersion = 10.0.40219.1
Project("{FAE04EC0-301F-11D3-BF4B-00C04F79EFBC}") = "MVCIntroDemo", "MVCIntroDemo\MVCIntroDemo.csproj", "{879F1923-28A3-4E40-A5E5-7F3455C10584}"
EndProject
Global
	GlobalSection(SolutionConfigurationPlatforms) = preSolution
		Debug|Any CPU = Debug|Any CPU
		Release|Any CPU = Release|Any CPU
	EndGlobalSection
	GlobalSection(ProjectConfigurationPlatforms) = postSolution
		{879F1923-28A3-4E40-A5E5-7F3455C10584}.Debug|Any CPU.ActiveCfg = Debug|Any CPU
		{879F1923-28A3-4E40-A5E5-7F3455C10584}.Debug|Any CPU.Build.0 = Debug|Any CPU
		{879F1923-28A3-4E40-A5E5-7F3455C10584}.Release|Any CPU.ActiveCfg = Release|Any CPU
		{879F1923-28A3-4E40-A5E5-7F3455C10584}.Release|Any CPU.Build.0 = Release|Any CPU
	EndGlobalSection
	GlobalSection(SolutionProperties) = preSolution
		HideSolutionNode = FALSE
	EndGlobalSection
	GlobalSection(ExtensibilityGlobals) = postSolution
		SolutionGuid = {A8897B40-1A63-4FB8-BE98-2E18BA2328BF}
	EndGlobalSection
EndGlobal
