
Microsoft Visual Studio Solution File, Format Version 12.00
# Visual Studio Version 17
VisualStudioVersion = 17.7.34202.233
MinimumVisualStudioVersion = 10.0.40219.1
Project("{FAE04EC0-301F-11D3-BF4B-00C04F79EFBC}") = "ForumApp", "ForumApp\ForumApp.csproj", "{9BD19651-2468-4927-8269-55D52D3E937B}"
EndProject
Project("{FAE04EC0-301F-11D3-BF4B-00C04F79EFBC}") = "ForumApp.Core", "ForumApp.Core\ForumApp.Core.csproj", "{74296FF6-F414-4477-8135-8ED70B8EDA45}"
EndProject
Project("{FAE04EC0-301F-11D3-BF4B-00C04F79EFBC}") = "ForumApp.Infrastructure", "ForumApp.Infrastructure\ForumApp.Infrastructure.csproj", "{E2D1C004-4AF2-49F6-912B-A7F9D7E5396C}"
EndProject
Global
	GlobalSection(SolutionConfigurationPlatforms) = preSolution
		Debug|Any CPU = Debug|Any CPU
		Release|Any CPU = Release|Any CPU
	EndGlobalSection
	GlobalSection(ProjectConfigurationPlatforms) = postSolution
		{9BD19651-2468-4927-8269-55D52D3E937B}.Debug|Any CPU.ActiveCfg = Debug|Any CPU
		{9BD19651-2468-4927-8269-55D52D3E937B}.Debug|Any CPU.Build.0 = Debug|Any CPU
		{9BD19651-2468-4927-8269-55D52D3E937B}.Release|Any CPU.ActiveCfg = Release|Any CPU
		{9BD19651-2468-4927-8269-55D52D3E937B}.Release|Any CPU.Build.0 = Release|Any CPU
		{74296FF6-F414-4477-8135-8ED70B8EDA45}.Debug|Any CPU.ActiveCfg = Debug|Any CPU
		{74296FF6-F414-4477-8135-8ED70B8EDA45}.Debug|Any CPU.Build.0 = Debug|Any CPU
		{74296FF6-F414-4477-8135-8ED70B8EDA45}.Release|Any CPU.ActiveCfg = Release|Any CPU
		{74296FF6-F414-4477-8135-8ED70B8EDA45}.Release|Any CPU.Build.0 = Release|Any CPU
		{E2D1C004-4AF2-49F6-912B-A7F9D7E5396C}.Debug|Any CPU.ActiveCfg = Debug|Any CPU
		{E2D1C004-4AF2-49F6-912B-A7F9D7E5396C}.Debug|Any CPU.Build.0 = Debug|Any CPU
		{E2D1C004-4AF2-49F6-912B-A7F9D7E5396C}.Release|Any CPU.ActiveCfg = Release|Any CPU
		{E2D1C004-4AF2-49F6-912B-A7F9D7E5396C}.Release|Any CPU.Build.0 = Release|Any CPU
	EndGlobalSection
	GlobalSection(SolutionProperties) = preSolution
		HideSolutionNode = FALSE
	EndGlobalSection
	GlobalSection(ExtensibilityGlobals) = postSolution
		SolutionGuid = {E6F2A7D4-B14A-4996-B58F-E8AE02ABD65E}
	EndGlobalSection
EndGlobal
